
Microsoft Visual Studio Solution File, Format Version 12.00
# Visual Studio 14
VisualStudioVersion = 14.0.25420.1
MinimumVisualStudioVersion = 10.0.40219.1
Project("{FAE04EC0-301F-11D3-BF4B-00C04F79EFBC}") = "PrismTest", "PrismTest\PrismTest.csproj", "{F556FFC4-8AF4-43A6-A48D-9BDBEC2F9A24}"
EndProject
Project("{FAE04EC0-301F-11D3-BF4B-00C04F79EFBC}") = "Module1", "Module1\Module1.csproj", "{0574CC10-B310-42D4-ACAF-D95A4C70CA62}"
EndProject
Project("{FAE04EC0-301F-11D3-BF4B-00C04F79EFBC}") = "CommonPrism", "CommonPrism\CommonPrism.csproj", "{021FD042-0B45-4752-854C-DFA1F9868705}"
EndProject
Global
	GlobalSection(SolutionConfigurationPlatforms) = preSolution
		Debug|Any CPU = Debug|Any CPU
		Release|Any CPU = Release|Any CPU
	EndGlobalSection
	GlobalSection(ProjectConfigurationPlatforms) = postSolution
		{F556FFC4-8AF4-43A6-A48D-9BDBEC2F9A24}.Debug|Any CPU.ActiveCfg = Debug|Any CPU
		{F556FFC4-8AF4-43A6-A48D-9BDBEC2F9A24}.Debug|Any CPU.Build.0 = Debug|Any CPU
		{F556FFC4-8AF4-43A6-A48D-9BDBEC2F9A24}.Release|Any CPU.ActiveCfg = Release|Any CPU
		{F556FFC4-8AF4-43A6-A48D-9BDBEC2F9A24}.Release|Any CPU.Build.0 = Release|Any CPU
		{0574CC10-B310-42D4-ACAF-D95A4C70CA62}.Debug|Any CPU.ActiveCfg = Debug|Any CPU
		{0574CC10-B310-42D4-ACAF-D95A4C70CA62}.Debug|Any CPU.Build.0 = Debug|Any CPU
		{0574CC10-B310-42D4-ACAF-D95A4C70CA62}.Release|Any CPU.ActiveCfg = Release|Any CPU
		{0574CC10-B310-42D4-ACAF-D95A4C70CA62}.Release|Any CPU.Build.0 = Release|Any CPU
		{021FD042-0B45-4752-854C-DFA1F9868705}.Debug|Any CPU.ActiveCfg = Debug|Any CPU
		{021FD042-0B45-4752-854C-DFA1F9868705}.Debug|Any CPU.Build.0 = Debug|Any CPU
		{021FD042-0B45-4752-854C-DFA1F9868705}.Release|Any CPU.ActiveCfg = Release|Any CPU
		{021FD042-0B45-4752-854C-DFA1F9868705}.Release|Any CPU.Build.0 = Release|Any CPU
	EndGlobalSection
	GlobalSection(SolutionProperties) = preSolution
		HideSolutionNode = FALSE
	EndGlobalSection
EndGlobal
